
Microsoft Visual Studio Solution File, Format Version 11.00
# Visual Studio 2010
# SharpDevelop 4.2.2.8818
Project("{FAE04EC0-301F-11D3-BF4B-00C04F79EFBC}") = "GIFView", "GIFViewer\GIFView.csproj", "{CEF079A1-4B64-41F7-AC40-94F4DBEFBA29}"
EndProject
Global
	GlobalSection(SolutionConfigurationPlatforms) = preSolution
		Debug|x86 = Debug|x86
		Release|x86 = Release|x86
	EndGlobalSection
	GlobalSection(ProjectConfigurationPlatforms) = postSolution
		{CEF079A1-4B64-41F7-AC40-94F4DBEFBA29}.Debug|x86.Build.0 = Debug|x86
		{CEF079A1-4B64-41F7-AC40-94F4DBEFBA29}.Debug|x86.ActiveCfg = Debug|x86
		{CEF079A1-4B64-41F7-AC40-94F4DBEFBA29}.Release|x86.Build.0 = Release|x86
		{CEF079A1-4B64-41F7-AC40-94F4DBEFBA29}.Release|x86.ActiveCfg = Release|x86
	EndGlobalSection
EndGlobal
